
Microsoft Visual Studio Solution File, Format Version 12.00
# Visual Studio Version 17
VisualStudioVersion = 17.3.32929.385
MinimumVisualStudioVersion = 10.0.40219.1
Project("{FAE04EC0-301F-11D3-BF4B-00C04F79EFBC}") = "Lab1", "Lab1\Lab1.csproj", "{91A0FE15-3155-4F9B-92A2-FAF91EDE8542}"
EndProject
Global
	GlobalSection(SolutionConfigurationPlatforms) = preSolution
		Debug|Any CPU = Debug|Any CPU
		Release|Any CPU = Release|Any CPU
	EndGlobalSection
	GlobalSection(ProjectConfigurationPlatforms) = postSolution
		{91A0FE15-3155-4F9B-92A2-FAF91EDE8542}.Debug|Any CPU.ActiveCfg = Debug|Any CPU
		{91A0FE15-3155-4F9B-92A2-FAF91EDE8542}.Debug|Any CPU.Build.0 = Debug|Any CPU
		{91A0FE15-3155-4F9B-92A2-FAF91EDE8542}.Release|Any CPU.ActiveCfg = Release|Any CPU
		{91A0FE15-3155-4F9B-92A2-FAF91EDE8542}.Release|Any CPU.Build.0 = Release|Any CPU
	EndGlobalSection
	GlobalSection(SolutionProperties) = preSolution
		HideSolutionNode = FALSE
	EndGlobalSection
	GlobalSection(ExtensibilityGlobals) = postSolution
		SolutionGuid = {F64538FC-04C0-4E0B-8AB2-80AA1FB4D4B3}
	EndGlobalSection
EndGlobal
